
Microsoft Visual Studio Solution File, Format Version 12.00
# Visual Studio Version 17
VisualStudioVersion = 17.9.34714.143
MinimumVisualStudioVersion = 10.0.40219.1
Project("{FAE04EC0-301F-11D3-BF4B-00C04F79EFBC}") = "CBT.API", "CBT.API\CBT.API.csproj", "{B84A9ECA-8363-4768-9D08-3F326B88CC20}"
EndProject
Global
	GlobalSection(SolutionConfigurationPlatforms) = preSolution
		Debug|Any CPU = Debug|Any CPU
		Release|Any CPU = Release|Any CPU
	EndGlobalSection
	GlobalSection(ProjectConfigurationPlatforms) = postSolution
		{B84A9ECA-8363-4768-9D08-3F326B88CC20}.Debug|Any CPU.ActiveCfg = Debug|Any CPU
		{B84A9ECA-8363-4768-9D08-3F326B88CC20}.Debug|Any CPU.Build.0 = Debug|Any CPU
		{B84A9ECA-8363-4768-9D08-3F326B88CC20}.Release|Any CPU.ActiveCfg = Release|Any CPU
		{B84A9ECA-8363-4768-9D08-3F326B88CC20}.Release|Any CPU.Build.0 = Release|Any CPU
	EndGlobalSection
	GlobalSection(SolutionProperties) = preSolution
		HideSolutionNode = FALSE
	EndGlobalSection
	GlobalSection(ExtensibilityGlobals) = postSolution
		SolutionGuid = {7FF0D751-AB4B-414B-9B47-73BD68336D26}
	EndGlobalSection
EndGlobal
